
Microsoft Visual Studio Solution File, Format Version 12.00
# Visual Studio Version 17
VisualStudioVersion = 17.8.34004.107
MinimumVisualStudioVersion = 10.0.40219.1
Project("{2150E333-8FDC-42A3-9474-1A3956D46DE8}") = "06-WPF", "06-WPF", "{47139873-C016-46FA-9C3D-9D241955261A}"
EndProject
Project("{2150E333-8FDC-42A3-9474-1A3956D46DE8}") = "05-DB", "05-DB", "{08E5407D-073D-4262-B312-D181BC36E35E}"
EndProject
Project("{9A19103F-16F7-4668-BE54-9A1E7A4F7556}") = "05-DB-01-SQL", "06-DB-01-SQL\05-DB-01-SQL.csproj", "{245EC2B5-BC91-4C9A-A827-7B93249E91F8}"
EndProject
Project("{9A19103F-16F7-4668-BE54-9A1E7A4F7556}") = "05-DB-02-EntityFrameworkSimple", "06-DB-02-EntityFrameworkSimple\05-DB-02-EntityFrameworkSimple.csproj", "{1D0CB05A-B7CC-408A-8AFE-2177902BAC0D}"
EndProject
Project("{9A19103F-16F7-4668-BE54-9A1E7A4F7556}") = "05-DB-03-EntityFramework", "06-DB-03-EntityFramework\05-DB-03-EntityFramework.csproj", "{51FEF89D-1792-4D06-85C8-1C2108BA5D2A}"
EndProject
Project("{9A19103F-16F7-4668-BE54-9A1E7A4F7556}") = "06-WPF-01-Hello-world", "06-WPF-01-Hello-world\06-WPF-01-Hello-world.csproj", "{B91853A2-12AA-41E8-816F-C242DA8167BB}"
EndProject
Project("{9A19103F-16F7-4668-BE54-9A1E7A4F7556}") = "06-WPF-02-Move-text", "06-WPF-02-Move-text\06-WPF-02-Move-text.csproj", "{3510BC78-6C2E-40A3-8DF0-BD6F07460C12}"
EndProject
Project("{9A19103F-16F7-4668-BE54-9A1E7A4F7556}") = "06-WPF-03-O-Deset-Vic", "06-WPF-03-O-Deset-Vic\06-WPF-03-O-Deset-Vic.csproj", "{12E4DFD6-EAB7-4E8E-BE4B-A8934F52040D}"
EndProject
Project("{9A19103F-16F7-4668-BE54-9A1E7A4F7556}") = "06-WPF-04-MessageBox", "06-WPF-04-MessageBox\06-WPF-04-MessageBox.csproj", "{2518D7A7-810B-4404-A1DF-2CB007D53D32}"
EndProject
Project("{9A19103F-16F7-4668-BE54-9A1E7A4F7556}") = "06-WPF-05-Grid", "06-WPF-05-Grid\06-WPF-05-Grid.csproj", "{86DF757C-959D-4618-A456-80264013CD01}"
EndProject
Project("{9A19103F-16F7-4668-BE54-9A1E7A4F7556}") = "06-WPF-06-ImgView", "06-WPF-06-ImgView\06-WPF-06-ImgView.csproj", "{D2271335-D1AA-4596-A297-204659455C25}"
EndProject
Project("{9A19103F-16F7-4668-BE54-9A1E7A4F7556}") = "06-WPF-07-TextView", "06-WPF-07-TextView\06-WPF-07-TextView.csproj", "{D342C4B5-5F9A-4FC5-8856-0D1C68B2ED94}"
EndProject
Project("{9A19103F-16F7-4668-BE54-9A1E7A4F7556}") = "06-WPF-08-WpfSimpleCalculator", "06-WPF-08-WpfSimpleCalculator\06-WPF-08-WpfSimpleCalculator.csproj", "{B1B90A6F-F735-4DFF-8C28-76E793C32E24}"
EndProject
Project("{9A19103F-16F7-4668-BE54-9A1E7A4F7556}") = "06-WPF-09-WpfPexeso", "06-WPF-09-WpfPexeso\06-WPF-09-WpfPexeso.csproj", "{31C131E9-74E8-4A7B-A09F-1A980C97C69E}"
EndProject
Project("{9A19103F-16F7-4668-BE54-9A1E7A4F7556}") = "06-WPF-10-ContactList", "06-WPF-10-ContactList\06-WPF-10-ContactList.csproj", "{A797954F-8E7B-47D2-BDB0-DFCB148CE289}"
EndProject
Global
	GlobalSection(SolutionConfigurationPlatforms) = preSolution
		Debug|Any CPU = Debug|Any CPU
		Release|Any CPU = Release|Any CPU
	EndGlobalSection
	GlobalSection(ProjectConfigurationPlatforms) = postSolution
		{245EC2B5-BC91-4C9A-A827-7B93249E91F8}.Debug|Any CPU.ActiveCfg = Debug|Any CPU
		{245EC2B5-BC91-4C9A-A827-7B93249E91F8}.Debug|Any CPU.Build.0 = Debug|Any CPU
		{245EC2B5-BC91-4C9A-A827-7B93249E91F8}.Release|Any CPU.ActiveCfg = Release|Any CPU
		{245EC2B5-BC91-4C9A-A827-7B93249E91F8}.Release|Any CPU.Build.0 = Release|Any CPU
		{1D0CB05A-B7CC-408A-8AFE-2177902BAC0D}.Debug|Any CPU.ActiveCfg = Debug|Any CPU
		{1D0CB05A-B7CC-408A-8AFE-2177902BAC0D}.Debug|Any CPU.Build.0 = Debug|Any CPU
		{1D0CB05A-B7CC-408A-8AFE-2177902BAC0D}.Release|Any CPU.ActiveCfg = Release|Any CPU
		{1D0CB05A-B7CC-408A-8AFE-2177902BAC0D}.Release|Any CPU.Build.0 = Release|Any CPU
		{51FEF89D-1792-4D06-85C8-1C2108BA5D2A}.Debug|Any CPU.ActiveCfg = Debug|Any CPU
		{51FEF89D-1792-4D06-85C8-1C2108BA5D2A}.Debug|Any CPU.Build.0 = Debug|Any CPU
		{51FEF89D-1792-4D06-85C8-1C2108BA5D2A}.Release|Any CPU.ActiveCfg = Release|Any CPU
		{51FEF89D-1792-4D06-85C8-1C2108BA5D2A}.Release|Any CPU.Build.0 = Release|Any CPU
		{B91853A2-12AA-41E8-816F-C242DA8167BB}.Debug|Any CPU.ActiveCfg = Debug|Any CPU
		{B91853A2-12AA-41E8-816F-C242DA8167BB}.Debug|Any CPU.Build.0 = Debug|Any CPU
		{B91853A2-12AA-41E8-816F-C242DA8167BB}.Release|Any CPU.ActiveCfg = Release|Any CPU
		{B91853A2-12AA-41E8-816F-C242DA8167BB}.Release|Any CPU.Build.0 = Release|Any CPU
		{3510BC78-6C2E-40A3-8DF0-BD6F07460C12}.Debug|Any CPU.ActiveCfg = Debug|Any CPU
		{3510BC78-6C2E-40A3-8DF0-BD6F07460C12}.Debug|Any CPU.Build.0 = Debug|Any CPU
		{3510BC78-6C2E-40A3-8DF0-BD6F07460C12}.Release|Any CPU.ActiveCfg = Release|Any CPU
		{3510BC78-6C2E-40A3-8DF0-BD6F07460C12}.Release|Any CPU.Build.0 = Release|Any CPU
		{12E4DFD6-EAB7-4E8E-BE4B-A8934F52040D}.Debug|Any CPU.ActiveCfg = Debug|Any CPU
		{12E4DFD6-EAB7-4E8E-BE4B-A8934F52040D}.Debug|Any CPU.Build.0 = Debug|Any CPU
		{12E4DFD6-EAB7-4E8E-BE4B-A8934F52040D}.Release|Any CPU.ActiveCfg = Release|Any CPU
		{12E4DFD6-EAB7-4E8E-BE4B-A8934F52040D}.Release|Any CPU.Build.0 = Release|Any CPU
		{2518D7A7-810B-4404-A1DF-2CB007D53D32}.Debug|Any CPU.ActiveCfg = Debug|Any CPU
		{2518D7A7-810B-4404-A1DF-2CB007D53D32}.Debug|Any CPU.Build.0 = Debug|Any CPU
		{2518D7A7-810B-4404-A1DF-2CB007D53D32}.Release|Any CPU.ActiveCfg = Release|Any CPU
		{2518D7A7-810B-4404-A1DF-2CB007D53D32}.Release|Any CPU.Build.0 = Release|Any CPU
		{86DF757C-959D-4618-A456-80264013CD01}.Debug|Any CPU.ActiveCfg = Debug|Any CPU
		{86DF757C-959D-4618-A456-80264013CD01}.Debug|Any CPU.Build.0 = Debug|Any CPU
		{86DF757C-959D-4618-A456-80264013CD01}.Release|Any CPU.ActiveCfg = Release|Any CPU
		{86DF757C-959D-4618-A456-80264013CD01}.Release|Any CPU.Build.0 = Release|Any CPU
		{D2271335-D1AA-4596-A297-204659455C25}.Debug|Any CPU.ActiveCfg = Debug|Any CPU
		{D2271335-D1AA-4596-A297-204659455C25}.Debug|Any CPU.Build.0 = Debug|Any CPU
		{D2271335-D1AA-4596-A297-204659455C25}.Release|Any CPU.ActiveCfg = Release|Any CPU
		{D2271335-D1AA-4596-A297-204659455C25}.Release|Any CPU.Build.0 = Release|Any CPU
		{D342C4B5-5F9A-4FC5-8856-0D1C68B2ED94}.Debug|Any CPU.ActiveCfg = Debug|Any CPU
		{D342C4B5-5F9A-4FC5-8856-0D1C68B2ED94}.Debug|Any CPU.Build.0 = Debug|Any CPU
		{D342C4B5-5F9A-4FC5-8856-0D1C68B2ED94}.Release|Any CPU.ActiveCfg = Release|Any CPU
		{D342C4B5-5F9A-4FC5-8856-0D1C68B2ED94}.Release|Any CPU.Build.0 = Release|Any CPU
		{B1B90A6F-F735-4DFF-8C28-76E793C32E24}.Debug|Any CPU.ActiveCfg = Debug|Any CPU
		{B1B90A6F-F735-4DFF-8C28-76E793C32E24}.Debug|Any CPU.Build.0 = Debug|Any CPU
		{B1B90A6F-F735-4DFF-8C28-76E793C32E24}.Release|Any CPU.ActiveCfg = Release|Any CPU
		{B1B90A6F-F735-4DFF-8C28-76E793C32E24}.Release|Any CPU.Build.0 = Release|Any CPU
		{31C131E9-74E8-4A7B-A09F-1A980C97C69E}.Debug|Any CPU.ActiveCfg = Debug|Any CPU
		{31C131E9-74E8-4A7B-A09F-1A980C97C69E}.Debug|Any CPU.Build.0 = Debug|Any CPU
		{31C131E9-74E8-4A7B-A09F-1A980C97C69E}.Release|Any CPU.ActiveCfg = Release|Any CPU
		{31C131E9-74E8-4A7B-A09F-1A980C97C69E}.Release|Any CPU.Build.0 = Release|Any CPU
		{A797954F-8E7B-47D2-BDB0-DFCB148CE289}.Debug|Any CPU.ActiveCfg = Debug|Any CPU
		{A797954F-8E7B-47D2-BDB0-DFCB148CE289}.Debug|Any CPU.Build.0 = Debug|Any CPU
		{A797954F-8E7B-47D2-BDB0-DFCB148CE289}.Release|Any CPU.ActiveCfg = Release|Any CPU
		{A797954F-8E7B-47D2-BDB0-DFCB148CE289}.Release|Any CPU.Build.0 = Release|Any CPU
	EndGlobalSection
	GlobalSection(SolutionProperties) = preSolution
		HideSolutionNode = FALSE
	EndGlobalSection
	GlobalSection(NestedProjects) = preSolution
		{245EC2B5-BC91-4C9A-A827-7B93249E91F8} = {08E5407D-073D-4262-B312-D181BC36E35E}
		{1D0CB05A-B7CC-408A-8AFE-2177902BAC0D} = {08E5407D-073D-4262-B312-D181BC36E35E}
		{51FEF89D-1792-4D06-85C8-1C2108BA5D2A} = {08E5407D-073D-4262-B312-D181BC36E35E}
		{B91853A2-12AA-41E8-816F-C242DA8167BB} = {47139873-C016-46FA-9C3D-9D241955261A}
		{3510BC78-6C2E-40A3-8DF0-BD6F07460C12} = {47139873-C016-46FA-9C3D-9D241955261A}
		{12E4DFD6-EAB7-4E8E-BE4B-A8934F52040D} = {47139873-C016-46FA-9C3D-9D241955261A}
		{2518D7A7-810B-4404-A1DF-2CB007D53D32} = {47139873-C016-46FA-9C3D-9D241955261A}
		{86DF757C-959D-4618-A456-80264013CD01} = {47139873-C016-46FA-9C3D-9D241955261A}
		{D2271335-D1AA-4596-A297-204659455C25} = {47139873-C016-46FA-9C3D-9D241955261A}
		{D342C4B5-5F9A-4FC5-8856-0D1C68B2ED94} = {47139873-C016-46FA-9C3D-9D241955261A}
		{B1B90A6F-F735-4DFF-8C28-76E793C32E24} = {47139873-C016-46FA-9C3D-9D241955261A}
		{31C131E9-74E8-4A7B-A09F-1A980C97C69E} = {47139873-C016-46FA-9C3D-9D241955261A}
		{A797954F-8E7B-47D2-BDB0-DFCB148CE289} = {47139873-C016-46FA-9C3D-9D241955261A}
	EndGlobalSection
	GlobalSection(ExtensibilityGlobals) = postSolution
		SolutionGuid = {9BC48628-1BBF-4325-9C1A-78E994A22CE5}
	EndGlobalSection
EndGlobal
